{
  "name": "meeting-followup-skill",
  "version": "0.1.0",
  "lockfileVersion": 3,
  "requires": true,
  "packages": {
    "": {
      "name": "meeting-followup-skill",
      "version": "0.1.0",
      "license": "MIT",
      "bin": {
        "meeting-followup-skill": "bin/meeting-followup-skill.js"
      },
      "engines": {
        "node": ">=20"
      }
    }
  }
}
